
Microsoft Visual Studio Solution File, Format Version 12.00
# Visual Studio Version 16
VisualStudioVersion = 16.0.31729.503
MinimumVisualStudioVersion = 10.0.40219.1
Project("{FAE04EC0-301F-11D3-BF4B-00C04F79EFBC}") = "MethodExercise2", "MethodExercise2\MethodExercise2.csproj", "{3D2BD6A7-94AE-4340-8A27-D9C76639E92C}"
EndProject
Global
	GlobalSection(SolutionConfigurationPlatforms) = preSolution
		Debug|Any CPU = Debug|Any CPU
		Release|Any CPU = Release|Any CPU
	EndGlobalSection
	GlobalSection(ProjectConfigurationPlatforms) = postSolution
		{3D2BD6A7-94AE-4340-8A27-D9C76639E92C}.Debug|Any CPU.ActiveCfg = Debug|Any CPU
		{3D2BD6A7-94AE-4340-8A27-D9C76639E92C}.Debug|Any CPU.Build.0 = Debug|Any CPU
		{3D2BD6A7-94AE-4340-8A27-D9C76639E92C}.Release|Any CPU.ActiveCfg = Release|Any CPU
		{3D2BD6A7-94AE-4340-8A27-D9C76639E92C}.Release|Any CPU.Build.0 = Release|Any CPU
	EndGlobalSection
	GlobalSection(SolutionProperties) = preSolution
		HideSolutionNode = FALSE
	EndGlobalSection
	GlobalSection(ExtensibilityGlobals) = postSolution
		SolutionGuid = {42109E36-3927-40CA-9B6B-BA7DDF270F48}
	EndGlobalSection
EndGlobal
